
Microsoft Visual Studio Solution File, Format Version 12.00
# Visual Studio Version 17
VisualStudioVersion = 17.0.32112.339
MinimumVisualStudioVersion = 10.0.40219.1
Project("{9A19103F-16F7-4668-BE54-9A1E7A4F7556}") = "ThinkBase.Client", "ThinkBase.Client.csproj", "{BAADE37C-1426-4A83-841C-EF7A3896E1EC}"
EndProject
Project("{9A19103F-16F7-4668-BE54-9A1E7A4F7556}") = "ThinkBase.Client.Tests", "ThinkBase.Client.Tests\ThinkBase.Client.Tests.csproj", "{909DB3D1-10C9-440F-A363-A62484E7911E}"
EndProject
Project("{FAE04EC0-301F-11D3-BF4B-00C04F79EFBC}") = "ThinkBase.Client.StressTest", "ThinkBase.Client.StressTest\ThinkBase.Client.StressTest.csproj", "{679625CE-4CAC-4EEE-A226-2B39A30C957E}"
EndProject
Global
	GlobalSection(SolutionConfigurationPlatforms) = preSolution
		Debug|Any CPU = Debug|Any CPU
		Release|Any CPU = Release|Any CPU
	EndGlobalSection
	GlobalSection(ProjectConfigurationPlatforms) = postSolution
		{BAADE37C-1426-4A83-841C-EF7A3896E1EC}.Debug|Any CPU.ActiveCfg = Debug|Any CPU
		{BAADE37C-1426-4A83-841C-EF7A3896E1EC}.Debug|Any CPU.Build.0 = Debug|Any CPU
		{BAADE37C-1426-4A83-841C-EF7A3896E1EC}.Release|Any CPU.ActiveCfg = Release|Any CPU
		{BAADE37C-1426-4A83-841C-EF7A3896E1EC}.Release|Any CPU.Build.0 = Release|Any CPU
		{909DB3D1-10C9-440F-A363-A62484E7911E}.Debug|Any CPU.ActiveCfg = Debug|Any CPU
		{909DB3D1-10C9-440F-A363-A62484E7911E}.Debug|Any CPU.Build.0 = Debug|Any CPU
		{909DB3D1-10C9-440F-A363-A62484E7911E}.Release|Any CPU.ActiveCfg = Release|Any CPU
		{909DB3D1-10C9-440F-A363-A62484E7911E}.Release|Any CPU.Build.0 = Release|Any CPU
		{679625CE-4CAC-4EEE-A226-2B39A30C957E}.Debug|Any CPU.ActiveCfg = Debug|Any CPU
		{679625CE-4CAC-4EEE-A226-2B39A30C957E}.Debug|Any CPU.Build.0 = Debug|Any CPU
		{679625CE-4CAC-4EEE-A226-2B39A30C957E}.Release|Any CPU.ActiveCfg = Release|Any CPU
		{679625CE-4CAC-4EEE-A226-2B39A30C957E}.Release|Any CPU.Build.0 = Release|Any CPU
	EndGlobalSection
	GlobalSection(SolutionProperties) = preSolution
		HideSolutionNode = FALSE
	EndGlobalSection
	GlobalSection(ExtensibilityGlobals) = postSolution
		SolutionGuid = {B5E18698-DA89-457A-AA66-0019DC76F855}
	EndGlobalSection
EndGlobal
