
Microsoft Visual Studio Solution File, Format Version 12.00
# Visual Studio Version 16
VisualStudioVersion = 16.0.31410.357
MinimumVisualStudioVersion = 10.0.40219.1
Project("{FAE04EC0-301F-11D3-BF4B-00C04F79EFBC}") = "ThinkBase.Client", "ThinkBase.Client.csproj", "{BAADE37C-1426-4A83-841C-EF7A3896E1EC}"
EndProject
Project("{FAE04EC0-301F-11D3-BF4B-00C04F79EFBC}") = "ThinkBase.Client.Test", "..\ThinkBase.Client.Test\ThinkBase.Client.Test.csproj", "{887D8E48-A384-45DD-B121-1E23187D892B}"
EndProject
Global
	GlobalSection(SolutionConfigurationPlatforms) = preSolution
		Debug|Any CPU = Debug|Any CPU
		Release|Any CPU = Release|Any CPU
	EndGlobalSection
	GlobalSection(ProjectConfigurationPlatforms) = postSolution
		{BAADE37C-1426-4A83-841C-EF7A3896E1EC}.Debug|Any CPU.ActiveCfg = Debug|Any CPU
		{BAADE37C-1426-4A83-841C-EF7A3896E1EC}.Debug|Any CPU.Build.0 = Debug|Any CPU
		{BAADE37C-1426-4A83-841C-EF7A3896E1EC}.Release|Any CPU.ActiveCfg = Release|Any CPU
		{BAADE37C-1426-4A83-841C-EF7A3896E1EC}.Release|Any CPU.Build.0 = Release|Any CPU
		{887D8E48-A384-45DD-B121-1E23187D892B}.Debug|Any CPU.ActiveCfg = Debug|Any CPU
		{887D8E48-A384-45DD-B121-1E23187D892B}.Debug|Any CPU.Build.0 = Debug|Any CPU
		{887D8E48-A384-45DD-B121-1E23187D892B}.Release|Any CPU.ActiveCfg = Release|Any CPU
		{887D8E48-A384-45DD-B121-1E23187D892B}.Release|Any CPU.Build.0 = Release|Any CPU
	EndGlobalSection
	GlobalSection(SolutionProperties) = preSolution
		HideSolutionNode = FALSE
	EndGlobalSection
	GlobalSection(ExtensibilityGlobals) = postSolution
		SolutionGuid = {B5E18698-DA89-457A-AA66-0019DC76F855}
	EndGlobalSection
EndGlobal
